
Microsoft Visual Studio Solution File, Format Version 12.00
# Visual Studio 15
Project("{FAE04EC0-301F-11D3-BF4B-00C04F79EFBC}") = "ProDevProject.Android", "ProDevProject.Android\ProDevProject.Android.csproj", "{D001552E-C5C5-4178-8746-FD69291ECD3E}"
EndProject
Project("{FAE04EC0-301F-11D3-BF4B-00C04F79EFBC}") = "ProDevProject.iOS", "ProDevProject.iOS\ProDevProject.iOS.csproj", "{E9525B53-FD14-41A5-8BC7-10F207F65D6E}"
EndProject
Project("{FAE04EC0-301F-11D3-BF4B-00C04F79EFBC}") = "ProDevProject", "ProDevProject\ProDevProject.csproj", "{1742AE93-25CE-4FA7-BC50-3939395BFE26}"
EndProject
Project("{2150E333-8FDC-42A3-9474-1A3956D46DE8}") = "Solution Items", "Solution Items", "{333804D5-E86D-4452-99B3-EC431BEF9CD6}"
EndProject
Global
	GlobalSection(SolutionConfigurationPlatforms) = preSolution
		Debug|Any CPU = Debug|Any CPU
		Release|Any CPU = Release|Any CPU
		Debug|iPhoneSimulator = Debug|iPhoneSimulator
		Release|iPhoneSimulator = Release|iPhoneSimulator
		Debug|iPhone = Debug|iPhone
		Release|iPhone = Release|iPhone
		Ad-Hoc|iPhone = Ad-Hoc|iPhone
		AppStore|iPhone = AppStore|iPhone
	EndGlobalSection
	GlobalSection(ProjectConfigurationPlatforms) = postSolution
		{D001552E-C5C5-4178-8746-FD69291ECD3E}.Debug|Any CPU.ActiveCfg = Debug|Any CPU
		{D001552E-C5C5-4178-8746-FD69291ECD3E}.Debug|Any CPU.Build.0 = Debug|Any CPU
		{D001552E-C5C5-4178-8746-FD69291ECD3E}.Release|Any CPU.ActiveCfg = Release|Any CPU
		{D001552E-C5C5-4178-8746-FD69291ECD3E}.Release|Any CPU.Build.0 = Release|Any CPU
		{D001552E-C5C5-4178-8746-FD69291ECD3E}.Debug|iPhoneSimulator.ActiveCfg = Debug|Any CPU
		{D001552E-C5C5-4178-8746-FD69291ECD3E}.Debug|iPhoneSimulator.Build.0 = Debug|Any CPU
		{D001552E-C5C5-4178-8746-FD69291ECD3E}.Release|iPhoneSimulator.ActiveCfg = Release|Any CPU
		{D001552E-C5C5-4178-8746-FD69291ECD3E}.Release|iPhoneSimulator.Build.0 = Release|Any CPU
		{D001552E-C5C5-4178-8746-FD69291ECD3E}.Debug|iPhone.ActiveCfg = Debug|Any CPU
		{D001552E-C5C5-4178-8746-FD69291ECD3E}.Debug|iPhone.Build.0 = Debug|Any CPU
		{D001552E-C5C5-4178-8746-FD69291ECD3E}.Release|iPhone.ActiveCfg = Release|Any CPU
		{D001552E-C5C5-4178-8746-FD69291ECD3E}.Release|iPhone.Build.0 = Release|Any CPU
		{D001552E-C5C5-4178-8746-FD69291ECD3E}.Ad-Hoc|iPhone.ActiveCfg = Debug|Any CPU
		{D001552E-C5C5-4178-8746-FD69291ECD3E}.Ad-Hoc|iPhone.Build.0 = Debug|Any CPU
		{D001552E-C5C5-4178-8746-FD69291ECD3E}.AppStore|iPhone.ActiveCfg = Debug|Any CPU
		{D001552E-C5C5-4178-8746-FD69291ECD3E}.AppStore|iPhone.Build.0 = Debug|Any CPU
		{E9525B53-FD14-41A5-8BC7-10F207F65D6E}.Debug|Any CPU.ActiveCfg = Debug|iPhoneSimulator
		{E9525B53-FD14-41A5-8BC7-10F207F65D6E}.Debug|Any CPU.Build.0 = Debug|iPhoneSimulator
		{E9525B53-FD14-41A5-8BC7-10F207F65D6E}.Release|Any CPU.ActiveCfg = Release|iPhoneSimulator
		{E9525B53-FD14-41A5-8BC7-10F207F65D6E}.Release|Any CPU.Build.0 = Release|iPhoneSimulator
		{E9525B53-FD14-41A5-8BC7-10F207F65D6E}.Debug|iPhoneSimulator.ActiveCfg = Debug|iPhoneSimulator
		{E9525B53-FD14-41A5-8BC7-10F207F65D6E}.Debug|iPhoneSimulator.Build.0 = Debug|iPhoneSimulator
		{E9525B53-FD14-41A5-8BC7-10F207F65D6E}.Release|iPhoneSimulator.ActiveCfg = Release|iPhoneSimulator
		{E9525B53-FD14-41A5-8BC7-10F207F65D6E}.Release|iPhoneSimulator.Build.0 = Release|iPhoneSimulator
		{E9525B53-FD14-41A5-8BC7-10F207F65D6E}.Debug|iPhone.ActiveCfg = Debug|iPhone
		{E9525B53-FD14-41A5-8BC7-10F207F65D6E}.Debug|iPhone.Build.0 = Debug|iPhone
		{E9525B53-FD14-41A5-8BC7-10F207F65D6E}.Release|iPhone.ActiveCfg = Release|iPhone
		{E9525B53-FD14-41A5-8BC7-10F207F65D6E}.Release|iPhone.Build.0 = Release|iPhone
		{E9525B53-FD14-41A5-8BC7-10F207F65D6E}.Ad-Hoc|iPhone.ActiveCfg = Ad-Hoc|iPhone
		{E9525B53-FD14-41A5-8BC7-10F207F65D6E}.Ad-Hoc|iPhone.Build.0 = Ad-Hoc|iPhone
		{E9525B53-FD14-41A5-8BC7-10F207F65D6E}.AppStore|iPhone.ActiveCfg = AppStore|iPhone
		{E9525B53-FD14-41A5-8BC7-10F207F65D6E}.AppStore|iPhone.Build.0 = AppStore|iPhone
		{1742AE93-25CE-4FA7-BC50-3939395BFE26}.Debug|Any CPU.ActiveCfg = Debug|Any CPU
		{1742AE93-25CE-4FA7-BC50-3939395BFE26}.Debug|Any CPU.Build.0 = Debug|Any CPU
		{1742AE93-25CE-4FA7-BC50-3939395BFE26}.Release|Any CPU.ActiveCfg = Release|Any CPU
		{1742AE93-25CE-4FA7-BC50-3939395BFE26}.Release|Any CPU.Build.0 = Release|Any CPU
		{1742AE93-25CE-4FA7-BC50-3939395BFE26}.Debug|iPhoneSimulator.ActiveCfg = Debug|Any CPU
		{1742AE93-25CE-4FA7-BC50-3939395BFE26}.Debug|iPhoneSimulator.Build.0 = Debug|Any CPU
		{1742AE93-25CE-4FA7-BC50-3939395BFE26}.Release|iPhoneSimulator.ActiveCfg = Release|Any CPU
		{1742AE93-25CE-4FA7-BC50-3939395BFE26}.Release|iPhoneSimulator.Build.0 = Release|Any CPU
		{1742AE93-25CE-4FA7-BC50-3939395BFE26}.Debug|iPhone.ActiveCfg = Debug|Any CPU
		{1742AE93-25CE-4FA7-BC50-3939395BFE26}.Debug|iPhone.Build.0 = Debug|Any CPU
		{1742AE93-25CE-4FA7-BC50-3939395BFE26}.Release|iPhone.ActiveCfg = Release|Any CPU
		{1742AE93-25CE-4FA7-BC50-3939395BFE26}.Release|iPhone.Build.0 = Release|Any CPU
		{1742AE93-25CE-4FA7-BC50-3939395BFE26}.Ad-Hoc|iPhone.ActiveCfg = Debug|Any CPU
		{1742AE93-25CE-4FA7-BC50-3939395BFE26}.Ad-Hoc|iPhone.Build.0 = Debug|Any CPU
		{1742AE93-25CE-4FA7-BC50-3939395BFE26}.AppStore|iPhone.ActiveCfg = Debug|Any CPU
		{1742AE93-25CE-4FA7-BC50-3939395BFE26}.AppStore|iPhone.Build.0 = Debug|Any CPU
	EndGlobalSection
EndGlobal
